
Microsoft Visual Studio Solution File, Format Version 12.00
Project("{FAE04EC0-301F-11D3-BF4B-00C04F79EFBC}") = "Api", "Api\Api.csproj", "{4EDC7BC1-E18C-4AC8-A556-DA695CB909FA}"
EndProject
Project("{FAE04EC0-301F-11D3-BF4B-00C04F79EFBC}") = "BusinessLogic", "BusinessLogic\BusinessLogic.csproj", "{DB4A5EEB-4553-4324-B3B6-22DC9432031A}"
EndProject
Project("{FAE04EC0-301F-11D3-BF4B-00C04F79EFBC}") = "Domain", "Domain\Domain.csproj", "{776E2B49-3C64-4D39-A8BE-4E51D767423B}"
EndProject
Project("{2150E333-8FDC-42A3-9474-1A3956D46DE8}") = "Libs", "Libs", "{D3C1F1E1-4530-4F77-AA4D-4358847A578C}"
EndProject
Project("{FAE04EC0-301F-11D3-BF4B-00C04F79EFBC}") = "Core", "Core\Core.csproj", "{046D57F8-F255-4F9E-AF91-9E545CE7323A}"
EndProject
Project("{2150E333-8FDC-42A3-9474-1A3956D46DE8}") = "TaskService", "TaskService", "{46A8E1E5-E727-44F1-BA83-46E5DE3528E7}"
EndProject
Project("{FAE04EC0-301F-11D3-BF4B-00C04F79EFBC}") = "Infrastructure", "TaskService.Infrastructure\Infrastructure.csproj", "{02E96352-752A-4D21-8872-6461C1634772}"
EndProject
Global
	GlobalSection(SolutionConfigurationPlatforms) = preSolution
		Debug|Any CPU = Debug|Any CPU
		Release|Any CPU = Release|Any CPU
	EndGlobalSection
	GlobalSection(ProjectConfigurationPlatforms) = postSolution
		{4EDC7BC1-E18C-4AC8-A556-DA695CB909FA}.Debug|Any CPU.ActiveCfg = Debug|Any CPU
		{4EDC7BC1-E18C-4AC8-A556-DA695CB909FA}.Debug|Any CPU.Build.0 = Debug|Any CPU
		{4EDC7BC1-E18C-4AC8-A556-DA695CB909FA}.Release|Any CPU.ActiveCfg = Release|Any CPU
		{4EDC7BC1-E18C-4AC8-A556-DA695CB909FA}.Release|Any CPU.Build.0 = Release|Any CPU
		{DB4A5EEB-4553-4324-B3B6-22DC9432031A}.Debug|Any CPU.ActiveCfg = Debug|Any CPU
		{DB4A5EEB-4553-4324-B3B6-22DC9432031A}.Debug|Any CPU.Build.0 = Debug|Any CPU
		{DB4A5EEB-4553-4324-B3B6-22DC9432031A}.Release|Any CPU.ActiveCfg = Release|Any CPU
		{DB4A5EEB-4553-4324-B3B6-22DC9432031A}.Release|Any CPU.Build.0 = Release|Any CPU
		{776E2B49-3C64-4D39-A8BE-4E51D767423B}.Debug|Any CPU.ActiveCfg = Debug|Any CPU
		{776E2B49-3C64-4D39-A8BE-4E51D767423B}.Debug|Any CPU.Build.0 = Debug|Any CPU
		{776E2B49-3C64-4D39-A8BE-4E51D767423B}.Release|Any CPU.ActiveCfg = Release|Any CPU
		{776E2B49-3C64-4D39-A8BE-4E51D767423B}.Release|Any CPU.Build.0 = Release|Any CPU
		{046D57F8-F255-4F9E-AF91-9E545CE7323A}.Debug|Any CPU.ActiveCfg = Debug|Any CPU
		{046D57F8-F255-4F9E-AF91-9E545CE7323A}.Debug|Any CPU.Build.0 = Debug|Any CPU
		{046D57F8-F255-4F9E-AF91-9E545CE7323A}.Release|Any CPU.ActiveCfg = Release|Any CPU
		{046D57F8-F255-4F9E-AF91-9E545CE7323A}.Release|Any CPU.Build.0 = Release|Any CPU
		{02E96352-752A-4D21-8872-6461C1634772}.Debug|Any CPU.ActiveCfg = Debug|Any CPU
		{02E96352-752A-4D21-8872-6461C1634772}.Debug|Any CPU.Build.0 = Debug|Any CPU
		{02E96352-752A-4D21-8872-6461C1634772}.Release|Any CPU.ActiveCfg = Release|Any CPU
		{02E96352-752A-4D21-8872-6461C1634772}.Release|Any CPU.Build.0 = Release|Any CPU
	EndGlobalSection
	GlobalSection(NestedProjects) = preSolution
		{046D57F8-F255-4F9E-AF91-9E545CE7323A} = {D3C1F1E1-4530-4F77-AA4D-4358847A578C}
		{4EDC7BC1-E18C-4AC8-A556-DA695CB909FA} = {46A8E1E5-E727-44F1-BA83-46E5DE3528E7}
		{DB4A5EEB-4553-4324-B3B6-22DC9432031A} = {46A8E1E5-E727-44F1-BA83-46E5DE3528E7}
		{776E2B49-3C64-4D39-A8BE-4E51D767423B} = {46A8E1E5-E727-44F1-BA83-46E5DE3528E7}
		{02E96352-752A-4D21-8872-6461C1634772} = {46A8E1E5-E727-44F1-BA83-46E5DE3528E7}
	EndGlobalSection
EndGlobal
