
Microsoft Visual Studio Solution File, Format Version 12.00
Project("{2150E333-8FDC-42A3-9474-1A3956D46DE8}") = "Libs", "Libs", "{D3C1F1E1-4530-4F77-AA4D-4358847A578C}"
EndProject
Project("{2150E333-8FDC-42A3-9474-1A3956D46DE8}") = "TaskService", "TaskService", "{46A8E1E5-E727-44F1-BA83-46E5DE3528E7}"
EndProject
Project("{2150E333-8FDC-42A3-9474-1A3956D46DE8}") = "NotificationService", "NotificationService", "{8B65EC71-3CA3-409A-83A3-045293BB7D2B}"
EndProject
Project("{FAE04EC0-301F-11D3-BF4B-00C04F79EFBC}") = "NotificationService.BusinessLogic", "NotificationService\NotificationService.BusinessLogic\NotificationService.BusinessLogic.csproj", "{A8104176-6347-42B0-84E6-E613B593DA50}"
EndProject
Project("{FAE04EC0-301F-11D3-BF4B-00C04F79EFBC}") = "NotificationService.Domain", "NotificationService\NotificationService.Domain\NotificationService.Domain.csproj", "{1F4ADC2E-F8A5-4710-A57A-33689D6AE741}"
EndProject
Project("{FAE04EC0-301F-11D3-BF4B-00C04F79EFBC}") = "NotificationService.Infrastructure", "NotificationService\NotificationService.Infrastructure\NotificationService.Infrastructure.csproj", "{FB67A4CD-1E2F-48CA-B03A-A70A43BAE61E}"
EndProject
Project("{FAE04EC0-301F-11D3-BF4B-00C04F79EFBC}") = "Core.Domain", "Libs\Core.Domain\Core.Domain.csproj", "{31768C9A-CE4F-4701-9042-932B871EF4EB}"
EndProject
Project("{FAE04EC0-301F-11D3-BF4B-00C04F79EFBC}") = "Core", "Libs\Core\Core.csproj", "{78787BD3-4B88-4940-A733-C2B32CC7CD3B}"
EndProject
Project("{FAE04EC0-301F-11D3-BF4B-00C04F79EFBC}") = "TaskService.Api", "TaskService\TaskService.Api\TaskService.Api.csproj", "{E976AA7A-B0A3-437D-A165-8F13582D3B35}"
EndProject
Project("{FAE04EC0-301F-11D3-BF4B-00C04F79EFBC}") = "TaskService.BusinessLogic", "TaskService\TaskService.BusinessLogic\TaskService.BusinessLogic.csproj", "{A008BC30-3EDF-4C31-9E44-A9E9C9481254}"
EndProject
Project("{FAE04EC0-301F-11D3-BF4B-00C04F79EFBC}") = "TaskService.Domain", "TaskService\TaskService.Domain\TaskService.Domain.csproj", "{D20C6A44-4965-4B1B-AA31-AB2345BDF4D4}"
EndProject
Project("{FAE04EC0-301F-11D3-BF4B-00C04F79EFBC}") = "TaskService.Infrastructure", "TaskService\TaskService.Infrastructure\TaskService.Infrastructure.csproj", "{CB02D13F-8086-40B9-8D35-C49DAC790808}"
EndProject
Project("{FAE04EC0-301F-11D3-BF4B-00C04F79EFBC}") = "NotificationService.Api", "NotificationService\NotificationService.Api\NotificationService.Api.csproj", "{AF1C4F0C-C41F-42D1-8791-F6150220FE2C}"
EndProject
Project("{FAE04EC0-301F-11D3-BF4B-00C04F79EFBC}") = "NotificationService.ConnectionLib", "Libs\NotificationService.ConnectionLib\NotificationService.ConnectionLib.csproj", "{5510F0CC-8B26-445C-B1B3-8C791D903FD6}"
EndProject
Global
	GlobalSection(SolutionConfigurationPlatforms) = preSolution
		Debug|Any CPU = Debug|Any CPU
		Release|Any CPU = Release|Any CPU
	EndGlobalSection
	GlobalSection(ProjectConfigurationPlatforms) = postSolution
		{A8104176-6347-42B0-84E6-E613B593DA50}.Debug|Any CPU.ActiveCfg = Debug|Any CPU
		{A8104176-6347-42B0-84E6-E613B593DA50}.Debug|Any CPU.Build.0 = Debug|Any CPU
		{A8104176-6347-42B0-84E6-E613B593DA50}.Release|Any CPU.ActiveCfg = Release|Any CPU
		{A8104176-6347-42B0-84E6-E613B593DA50}.Release|Any CPU.Build.0 = Release|Any CPU
		{1F4ADC2E-F8A5-4710-A57A-33689D6AE741}.Debug|Any CPU.ActiveCfg = Debug|Any CPU
		{1F4ADC2E-F8A5-4710-A57A-33689D6AE741}.Debug|Any CPU.Build.0 = Debug|Any CPU
		{1F4ADC2E-F8A5-4710-A57A-33689D6AE741}.Release|Any CPU.ActiveCfg = Release|Any CPU
		{1F4ADC2E-F8A5-4710-A57A-33689D6AE741}.Release|Any CPU.Build.0 = Release|Any CPU
		{FB67A4CD-1E2F-48CA-B03A-A70A43BAE61E}.Debug|Any CPU.ActiveCfg = Debug|Any CPU
		{FB67A4CD-1E2F-48CA-B03A-A70A43BAE61E}.Debug|Any CPU.Build.0 = Debug|Any CPU
		{FB67A4CD-1E2F-48CA-B03A-A70A43BAE61E}.Release|Any CPU.ActiveCfg = Release|Any CPU
		{FB67A4CD-1E2F-48CA-B03A-A70A43BAE61E}.Release|Any CPU.Build.0 = Release|Any CPU
		{31768C9A-CE4F-4701-9042-932B871EF4EB}.Debug|Any CPU.ActiveCfg = Debug|Any CPU
		{31768C9A-CE4F-4701-9042-932B871EF4EB}.Debug|Any CPU.Build.0 = Debug|Any CPU
		{31768C9A-CE4F-4701-9042-932B871EF4EB}.Release|Any CPU.ActiveCfg = Release|Any CPU
		{31768C9A-CE4F-4701-9042-932B871EF4EB}.Release|Any CPU.Build.0 = Release|Any CPU
		{78787BD3-4B88-4940-A733-C2B32CC7CD3B}.Debug|Any CPU.ActiveCfg = Debug|Any CPU
		{78787BD3-4B88-4940-A733-C2B32CC7CD3B}.Debug|Any CPU.Build.0 = Debug|Any CPU
		{78787BD3-4B88-4940-A733-C2B32CC7CD3B}.Release|Any CPU.ActiveCfg = Release|Any CPU
		{78787BD3-4B88-4940-A733-C2B32CC7CD3B}.Release|Any CPU.Build.0 = Release|Any CPU
		{E976AA7A-B0A3-437D-A165-8F13582D3B35}.Debug|Any CPU.ActiveCfg = Debug|Any CPU
		{E976AA7A-B0A3-437D-A165-8F13582D3B35}.Debug|Any CPU.Build.0 = Debug|Any CPU
		{E976AA7A-B0A3-437D-A165-8F13582D3B35}.Release|Any CPU.ActiveCfg = Release|Any CPU
		{E976AA7A-B0A3-437D-A165-8F13582D3B35}.Release|Any CPU.Build.0 = Release|Any CPU
		{A008BC30-3EDF-4C31-9E44-A9E9C9481254}.Debug|Any CPU.ActiveCfg = Debug|Any CPU
		{A008BC30-3EDF-4C31-9E44-A9E9C9481254}.Debug|Any CPU.Build.0 = Debug|Any CPU
		{A008BC30-3EDF-4C31-9E44-A9E9C9481254}.Release|Any CPU.ActiveCfg = Release|Any CPU
		{A008BC30-3EDF-4C31-9E44-A9E9C9481254}.Release|Any CPU.Build.0 = Release|Any CPU
		{D20C6A44-4965-4B1B-AA31-AB2345BDF4D4}.Debug|Any CPU.ActiveCfg = Debug|Any CPU
		{D20C6A44-4965-4B1B-AA31-AB2345BDF4D4}.Debug|Any CPU.Build.0 = Debug|Any CPU
		{D20C6A44-4965-4B1B-AA31-AB2345BDF4D4}.Release|Any CPU.ActiveCfg = Release|Any CPU
		{D20C6A44-4965-4B1B-AA31-AB2345BDF4D4}.Release|Any CPU.Build.0 = Release|Any CPU
		{CB02D13F-8086-40B9-8D35-C49DAC790808}.Debug|Any CPU.ActiveCfg = Debug|Any CPU
		{CB02D13F-8086-40B9-8D35-C49DAC790808}.Debug|Any CPU.Build.0 = Debug|Any CPU
		{CB02D13F-8086-40B9-8D35-C49DAC790808}.Release|Any CPU.ActiveCfg = Release|Any CPU
		{CB02D13F-8086-40B9-8D35-C49DAC790808}.Release|Any CPU.Build.0 = Release|Any CPU
		{AF1C4F0C-C41F-42D1-8791-F6150220FE2C}.Debug|Any CPU.ActiveCfg = Debug|Any CPU
		{AF1C4F0C-C41F-42D1-8791-F6150220FE2C}.Debug|Any CPU.Build.0 = Debug|Any CPU
		{AF1C4F0C-C41F-42D1-8791-F6150220FE2C}.Release|Any CPU.ActiveCfg = Release|Any CPU
		{AF1C4F0C-C41F-42D1-8791-F6150220FE2C}.Release|Any CPU.Build.0 = Release|Any CPU
		{5510F0CC-8B26-445C-B1B3-8C791D903FD6}.Debug|Any CPU.ActiveCfg = Debug|Any CPU
		{5510F0CC-8B26-445C-B1B3-8C791D903FD6}.Debug|Any CPU.Build.0 = Debug|Any CPU
		{5510F0CC-8B26-445C-B1B3-8C791D903FD6}.Release|Any CPU.ActiveCfg = Release|Any CPU
		{5510F0CC-8B26-445C-B1B3-8C791D903FD6}.Release|Any CPU.Build.0 = Release|Any CPU
	EndGlobalSection
	GlobalSection(NestedProjects) = preSolution
		{A8104176-6347-42B0-84E6-E613B593DA50} = {8B65EC71-3CA3-409A-83A3-045293BB7D2B}
		{1F4ADC2E-F8A5-4710-A57A-33689D6AE741} = {8B65EC71-3CA3-409A-83A3-045293BB7D2B}
		{FB67A4CD-1E2F-48CA-B03A-A70A43BAE61E} = {8B65EC71-3CA3-409A-83A3-045293BB7D2B}
		{31768C9A-CE4F-4701-9042-932B871EF4EB} = {D3C1F1E1-4530-4F77-AA4D-4358847A578C}
		{78787BD3-4B88-4940-A733-C2B32CC7CD3B} = {D3C1F1E1-4530-4F77-AA4D-4358847A578C}
		{E976AA7A-B0A3-437D-A165-8F13582D3B35} = {46A8E1E5-E727-44F1-BA83-46E5DE3528E7}
		{A008BC30-3EDF-4C31-9E44-A9E9C9481254} = {46A8E1E5-E727-44F1-BA83-46E5DE3528E7}
		{D20C6A44-4965-4B1B-AA31-AB2345BDF4D4} = {46A8E1E5-E727-44F1-BA83-46E5DE3528E7}
		{CB02D13F-8086-40B9-8D35-C49DAC790808} = {46A8E1E5-E727-44F1-BA83-46E5DE3528E7}
		{AF1C4F0C-C41F-42D1-8791-F6150220FE2C} = {8B65EC71-3CA3-409A-83A3-045293BB7D2B}
		{5510F0CC-8B26-445C-B1B3-8C791D903FD6} = {D3C1F1E1-4530-4F77-AA4D-4358847A578C}
	EndGlobalSection
EndGlobal
